# arch|package|version|filename|sha256|url
any|alpaca-py|0.43.5|alpaca_py-0.43.5-py3-none-any.whl|0b4cac9b743851310f19f6a9aa84f57ddf95ae75b601350395746a893f54a2da|https://files.pythonhosted.org/packages/02/40/83c7ef8bc3e74e73cda6308f7107fe57815dcfc808dc9cd03bd09aa22dd3/alpaca_py-0.43.5-py3-none-any.whl
arm64|pandas|2.2.3|pandas-2.2.3-cp311-cp311-manylinux2014_aarch64.manylinux_2_17_aarch64.whl|cd8d0c3be0515c12fed0bdbae072551c8b54b7192c7b1fda0ba56059a0179698|https://files.pythonhosted.org/packages/45/fb/c4beeb084718598ba19aa9f5abbc8aed8b42f90930da861fcb1acdb54c3a/pandas-2.2.3-cp311-cp311-manylinux2014_aarch64.manylinux_2_17_aarch64.whl
amd64|pandas|2.2.3|pandas-2.2.3-cp311-cp311-manylinux_2_17_x86_64.manylinux2014_x86_64.whl|c124333816c3a9b03fbeef3a9f230ba9a737e9e5bb4060aa2107a86cc0a497fc|https://files.pythonhosted.org/packages/cd/5f/4dba1d39bb9c38d574a9a22548c540177f78ea47b32f99c0ff2ec499fac5/pandas-2.2.3-cp311-cp311-manylinux_2_17_x86_64.manylinux2014_x86_64.whl
any|pytz|2025.2|pytz-2025.2-py2.py3-none-any.whl|5ddf76296dd8c44c26eb8f4b6f35488f3ccbf6fbbd7adee0b7262d43f0ec2f00|https://files.pythonhosted.org/packages/81/c4/34e93fe5f5429d7570ec1fa436f1986fb1f00c3e0f43a589fe2bbcd22c3f/pytz-2025.2-py2.py3-none-any.whl
any|requests|2.32.5|requests-2.32.5-py3-none-any.whl|2462f94637a34fd532264295e186976db0f5d453d1cdd31473c85a6a161affb6|https://files.pythonhosted.org/packages/1e/db/4254e3eabe8020b458f1a747140d32277ec7a271daf1d235b70dc0b4e6e3/requests-2.32.5-py3-none-any.whl
any|sseclient-py|1.9.0|sseclient_py-1.9.0-py3-none-any.whl|340062b1587fc2880892811e2ab5b176d98ef3eee98b3672ff3a3ba1e8ed0f6f|https://files.pythonhosted.org/packages/4d/2e/59920f7d66b7f9932a3d83dd0ec53fab001be1e058bf582606fe414a5198/sseclient_py-1.9.0-py3-none-any.whl
any|urllib3|2.5.0|urllib3-2.5.0-py3-none-any.whl|e6b01673c0fa6a13e374b50871808eb3bf7046c4b125b216f6bf1cc604cff0dc|https://files.pythonhosted.org/packages/a7/c2/fe1e52489ae3122415c51f387e221dd0773709bad6c6cdaa599e8a2c5185/urllib3-2.5.0-py3-none-any.whl
any|charset-normalizer|3.4.4|charset_normalizer-3.4.4-py3-none-any.whl|7a32c560861a02ff789ad905a2fe94e3f840803362c84fecf1851cb4cf3dc37f|https://files.pythonhosted.org/packages/0a/4c/925909008ed5a988ccbb72dcc897407e5d6d3bd72410d69e051fc0c14647/charset_normalizer-3.4.4-py3-none-any.whl
